
Microsoft Visual Studio Solution File, Format Version 12.00
# Visual Studio Version 17
VisualStudioVersion = 17.12.35527.113 d17.12
MinimumVisualStudioVersion = 10.0.40219.1
Project("{8BC9CEB8-8B4A-11D0-8D11-00A0C91BC942}") = "TemeLaboop", "TemeLaboop\TemeLaboop.vcxproj", "{42520755-4CC7-4C1B-B94C-B3867947DEAC}"
EndProject
Project("{2150E333-8FDC-42A3-9474-1A3956D46DE8}") = "Solution Items", "Solution Items", "{5E0E87C3-63EE-4FA9-92B5-91582437F361}"
EndProject
Project("{8BC9CEB8-8B4A-11D0-8D11-00A0C91BC942}") = "Lab1-1", "Lab1-1\Lab1-1.vcxproj", "{A6614972-518C-4149-A634-9F9837A3E8C4}"
EndProject
Project("{8BC9CEB8-8B4A-11D0-8D11-00A0C91BC942}") = "Lab1-2", "Lab1-2\Lab1-2.vcxproj", "{7CC9D3F2-3C8B-4C7D-8739-5B286ADE07C9}"
EndProject
Project("{8BC9CEB8-8B4A-11D0-8D11-00A0C91BC942}") = "Lab2-1", "Lab2-1\Lab2-1.vcxproj", "{67EA07A2-9F03-4AA7-9991-6ACDA62CF4DD}"
EndProject
Project("{8BC9CEB8-8B4A-11D0-8D11-00A0C91BC942}") = "Lab2-2", "Lab2-2\Lab2-2.vcxproj", "{6767685D-D283-4245-B754-53D5F7753267}"
EndProject
Project("{8BC9CEB8-8B4A-11D0-8D11-00A0C91BC942}") = "Lab2-3", "Lab2-3\Lab2-3.vcxproj", "{229F13FF-20AC-4E11-AAF4-EE0E26FF1B16}"
EndProject
Project("{8BC9CEB8-8B4A-11D0-8D11-00A0C91BC942}") = "Lab2-4", "Lab2-4\Lab2-4.vcxproj", "{A6B2BE73-DAF5-4F56-9228-5E417F3C76AA}"
EndProject
Project("{8BC9CEB8-8B4A-11D0-8D11-00A0C91BC942}") = "Lab2-5", "Lab2-5\Lab2-5.vcxproj", "{1CE6AB43-514D-40A2-BF43-270529FCF2AC}"
EndProject
Project("{8BC9CEB8-8B4A-11D0-8D11-00A0C91BC942}") = "Lab3-1", "Lab3-1\Lab3-1.vcxproj", "{B454F3C6-D918-44BA-8E7D-CB7346B501DD}"
EndProject
Project("{8BC9CEB8-8B4A-11D0-8D11-00A0C91BC942}") = "Lab3-2", "Lab3-2\Lab3-2.vcxproj", "{7D4735CD-86A7-4516-96F9-1D79778B439A}"
EndProject
Project("{8BC9CEB8-8B4A-11D0-8D11-00A0C91BC942}") = "Lab3-3", "Lab3-3\Lab3-3.vcxproj", "{7CCCD9A9-E556-4F43-8E83-60B083D17CE7}"
EndProject
Project("{8BC9CEB8-8B4A-11D0-8D11-00A0C91BC942}") = "Lab3-4", "Lab3-4\Lab3-4.vcxproj", "{68CF3BB5-B4F6-4169-AEE3-C5955486C047}"
EndProject
Project("{8BC9CEB8-8B4A-11D0-8D11-00A0C91BC942}") = "Lab3-5", "Lab3-5\Lab3-5.vcxproj", "{55176897-FEF6-4B76-A8F2-9B57138CCDD7}"
EndProject
Project("{8BC9CEB8-8B4A-11D0-8D11-00A0C91BC942}") = "Lab4-1", "Lab4-1\Lab4-1.vcxproj", "{BAF88559-CD85-466A-8E61-BF3C9991D82C}"
EndProject
Project("{8BC9CEB8-8B4A-11D0-8D11-00A0C91BC942}") = "Lab4-2", "Lab4-2\Lab4-2.vcxproj", "{7C7DE74C-778D-41BA-AE99-713D755BE24B}"
EndProject
Project("{8BC9CEB8-8B4A-11D0-8D11-00A0C91BC942}") = "Lab4-3", "Lab4-3\Lab4-3.vcxproj", "{B3E2C1D8-049A-4EDB-A728-A71A6C6A2067}"
EndProject
Project("{8BC9CEB8-8B4A-11D0-8D11-00A0C91BC942}") = "Lab5-1", "Lab5-1\Lab5-1.vcxproj", "{8DF76C09-C24E-4499-B1FE-310D41873E56}"
EndProject
Project("{8BC9CEB8-8B4A-11D0-8D11-00A0C91BC942}") = "Lab5-2", "Lab5-2\Lab5-2.vcxproj", "{0962A0B5-61D5-4DA0-8CFF-A1042DF0AE2C}"
EndProject
Project("{8BC9CEB8-8B4A-11D0-8D11-00A0C91BC942}") = "Lab6-1", "Lab6-1\Lab6-1.vcxproj", "{C0A8B13B-F94C-4B4F-866E-5652062FD0A1}"
EndProject
Project("{8BC9CEB8-8B4A-11D0-8D11-00A0C91BC942}") = "Lab6-2", "Lab6-2\Lab6-2.vcxproj", "{765DF1B7-5AC1-4743-B0E9-6153DEA0FFF0}"
EndProject
Project("{8BC9CEB8-8B4A-11D0-8D11-00A0C91BC942}") = "Lab6-3", "Lab6-3\Lab6-3.vcxproj", "{C183CD74-0BBE-4942-A4EC-485DA16023F4}"
EndProject
Project("{8BC9CEB8-8B4A-11D0-8D11-00A0C91BC942}") = "Lab6-4", "Lab6-4\Lab6-4.vcxproj", "{A7D4C1C3-FE94-42DC-A50D-803700EF9AC5}"
EndProject
Project("{8BC9CEB8-8B4A-11D0-8D11-00A0C91BC942}") = "Lab6-5", "Lab6-5\Lab6-5.vcxproj", "{07C7906C-F867-4094-8DE5-1457382B4F29}"
EndProject
Project("{8BC9CEB8-8B4A-11D0-8D11-00A0C91BC942}") = "Lab7-1", "Lab7-1\Lab7-1.vcxproj", "{2518D6E7-E68C-4299-B60B-FAD23812E03E}"
EndProject
Project("{8BC9CEB8-8B4A-11D0-8D11-00A0C91BC942}") = "Lab7-2", "Lab7-2\Lab7-2.vcxproj", "{840DCF5D-DBFA-45A8-9FFE-307B1759FEC0}"
EndProject
Project("{8BC9CEB8-8B4A-11D0-8D11-00A0C91BC942}") = "Lab8-1", "Lab8-1\Lab8-1.vcxproj", "{9934CD64-A6C2-4083-833C-44A120A5700F}"
EndProject
Project("{8BC9CEB8-8B4A-11D0-8D11-00A0C91BC942}") = "Lab8-2", "Lab8-2\Lab8-2.vcxproj", "{7A523AA8-2CE9-446B-882E-CD5BAD876107}"
EndProject
Project("{8BC9CEB8-8B4A-11D0-8D11-00A0C91BC942}") = "Lab8-3", "Lab8-3\Lab8-3.vcxproj", "{433C6796-8BAF-4DA6-8E95-25BDB85EB09C}"
EndProject
Project("{8BC9CEB8-8B4A-11D0-8D11-00A0C91BC942}") = "Lab9-1", "Lab9-1\Lab9-1.vcxproj", "{050CEE0B-AAEA-4737-8EBD-671AA02875F0}"
EndProject
Project("{8BC9CEB8-8B4A-11D0-8D11-00A0C91BC942}") = "Lab9-2", "Lab9-2\Lab9-2.vcxproj", "{19B7DBAB-AA92-4E6F-9D3D-20271EEA9074}"
EndProject
Project("{8BC9CEB8-8B4A-11D0-8D11-00A0C91BC942}") = "Lab9-3", "Lab9-3\Lab9-3.vcxproj", "{FE70E06D-925D-4B9B-84B7-6F98D8713CC8}"
EndProject
Project("{8BC9CEB8-8B4A-11D0-8D11-00A0C91BC942}") = "Lab9-5", "Lab9-5\Lab9-5.vcxproj", "{F7B93701-CDDC-4B81-8064-E5F49CE7D6D4}"
EndProject
Global
	GlobalSection(SolutionConfigurationPlatforms) = preSolution
		Debug|x64 = Debug|x64
		Debug|x86 = Debug|x86
		Release|x64 = Release|x64
		Release|x86 = Release|x86
	EndGlobalSection
	GlobalSection(ProjectConfigurationPlatforms) = postSolution
		{42520755-4CC7-4C1B-B94C-B3867947DEAC}.Debug|x64.ActiveCfg = Debug|x64
		{42520755-4CC7-4C1B-B94C-B3867947DEAC}.Debug|x64.Build.0 = Debug|x64
		{42520755-4CC7-4C1B-B94C-B3867947DEAC}.Debug|x86.ActiveCfg = Debug|Win32
		{42520755-4CC7-4C1B-B94C-B3867947DEAC}.Debug|x86.Build.0 = Debug|Win32
		{42520755-4CC7-4C1B-B94C-B3867947DEAC}.Release|x64.ActiveCfg = Release|x64
		{42520755-4CC7-4C1B-B94C-B3867947DEAC}.Release|x64.Build.0 = Release|x64
		{42520755-4CC7-4C1B-B94C-B3867947DEAC}.Release|x86.ActiveCfg = Release|Win32
		{42520755-4CC7-4C1B-B94C-B3867947DEAC}.Release|x86.Build.0 = Release|Win32
		{A6614972-518C-4149-A634-9F9837A3E8C4}.Debug|x64.ActiveCfg = Debug|x64
		{A6614972-518C-4149-A634-9F9837A3E8C4}.Debug|x64.Build.0 = Debug|x64
		{A6614972-518C-4149-A634-9F9837A3E8C4}.Debug|x86.ActiveCfg = Debug|Win32
		{A6614972-518C-4149-A634-9F9837A3E8C4}.Debug|x86.Build.0 = Debug|Win32
		{A6614972-518C-4149-A634-9F9837A3E8C4}.Release|x64.ActiveCfg = Release|x64
		{A6614972-518C-4149-A634-9F9837A3E8C4}.Release|x64.Build.0 = Release|x64
		{A6614972-518C-4149-A634-9F9837A3E8C4}.Release|x86.ActiveCfg = Release|Win32
		{A6614972-518C-4149-A634-9F9837A3E8C4}.Release|x86.Build.0 = Release|Win32
		{7CC9D3F2-3C8B-4C7D-8739-5B286ADE07C9}.Debug|x64.ActiveCfg = Debug|x64
		{7CC9D3F2-3C8B-4C7D-8739-5B286ADE07C9}.Debug|x64.Build.0 = Debug|x64
		{7CC9D3F2-3C8B-4C7D-8739-5B286ADE07C9}.Debug|x86.ActiveCfg = Debug|Win32
		{7CC9D3F2-3C8B-4C7D-8739-5B286ADE07C9}.Debug|x86.Build.0 = Debug|Win32
		{7CC9D3F2-3C8B-4C7D-8739-5B286ADE07C9}.Release|x64.ActiveCfg = Release|x64
		{7CC9D3F2-3C8B-4C7D-8739-5B286ADE07C9}.Release|x64.Build.0 = Release|x64
		{7CC9D3F2-3C8B-4C7D-8739-5B286ADE07C9}.Release|x86.ActiveCfg = Release|Win32
		{7CC9D3F2-3C8B-4C7D-8739-5B286ADE07C9}.Release|x86.Build.0 = Release|Win32
		{67EA07A2-9F03-4AA7-9991-6ACDA62CF4DD}.Debug|x64.ActiveCfg = Debug|x64
		{67EA07A2-9F03-4AA7-9991-6ACDA62CF4DD}.Debug|x64.Build.0 = Debug|x64
		{67EA07A2-9F03-4AA7-9991-6ACDA62CF4DD}.Debug|x86.ActiveCfg = Debug|Win32
		{67EA07A2-9F03-4AA7-9991-6ACDA62CF4DD}.Debug|x86.Build.0 = Debug|Win32
		{67EA07A2-9F03-4AA7-9991-6ACDA62CF4DD}.Release|x64.ActiveCfg = Release|x64
		{67EA07A2-9F03-4AA7-9991-6ACDA62CF4DD}.Release|x64.Build.0 = Release|x64
		{67EA07A2-9F03-4AA7-9991-6ACDA62CF4DD}.Release|x86.ActiveCfg = Release|Win32
		{67EA07A2-9F03-4AA7-9991-6ACDA62CF4DD}.Release|x86.Build.0 = Release|Win32
		{6767685D-D283-4245-B754-53D5F7753267}.Debug|x64.ActiveCfg = Debug|x64
		{6767685D-D283-4245-B754-53D5F7753267}.Debug|x64.Build.0 = Debug|x64
		{6767685D-D283-4245-B754-53D5F7753267}.Debug|x86.ActiveCfg = Debug|Win32
		{6767685D-D283-4245-B754-53D5F7753267}.Debug|x86.Build.0 = Debug|Win32
		{6767685D-D283-4245-B754-53D5F7753267}.Release|x64.ActiveCfg = Release|x64
		{6767685D-D283-4245-B754-53D5F7753267}.Release|x64.Build.0 = Release|x64
		{6767685D-D283-4245-B754-53D5F7753267}.Release|x86.ActiveCfg = Release|Win32
		{6767685D-D283-4245-B754-53D5F7753267}.Release|x86.Build.0 = Release|Win32
		{229F13FF-20AC-4E11-AAF4-EE0E26FF1B16}.Debug|x64.ActiveCfg = Debug|x64
		{229F13FF-20AC-4E11-AAF4-EE0E26FF1B16}.Debug|x64.Build.0 = Debug|x64
		{229F13FF-20AC-4E11-AAF4-EE0E26FF1B16}.Debug|x86.ActiveCfg = Debug|Win32
		{229F13FF-20AC-4E11-AAF4-EE0E26FF1B16}.Debug|x86.Build.0 = Debug|Win32
		{229F13FF-20AC-4E11-AAF4-EE0E26FF1B16}.Release|x64.ActiveCfg = Release|x64
		{229F13FF-20AC-4E11-AAF4-EE0E26FF1B16}.Release|x64.Build.0 = Release|x64
		{229F13FF-20AC-4E11-AAF4-EE0E26FF1B16}.Release|x86.ActiveCfg = Release|Win32
		{229F13FF-20AC-4E11-AAF4-EE0E26FF1B16}.Release|x86.Build.0 = Release|Win32
		{A6B2BE73-DAF5-4F56-9228-5E417F3C76AA}.Debug|x64.ActiveCfg = Debug|x64
		{A6B2BE73-DAF5-4F56-9228-5E417F3C76AA}.Debug|x64.Build.0 = Debug|x64
		{A6B2BE73-DAF5-4F56-9228-5E417F3C76AA}.Debug|x86.ActiveCfg = Debug|Win32
		{A6B2BE73-DAF5-4F56-9228-5E417F3C76AA}.Debug|x86.Build.0 = Debug|Win32
		{A6B2BE73-DAF5-4F56-9228-5E417F3C76AA}.Release|x64.ActiveCfg = Release|x64
		{A6B2BE73-DAF5-4F56-9228-5E417F3C76AA}.Release|x64.Build.0 = Release|x64
		{A6B2BE73-DAF5-4F56-9228-5E417F3C76AA}.Release|x86.ActiveCfg = Release|Win32
		{A6B2BE73-DAF5-4F56-9228-5E417F3C76AA}.Release|x86.Build.0 = Release|Win32
		{1CE6AB43-514D-40A2-BF43-270529FCF2AC}.Debug|x64.ActiveCfg = Debug|x64
		{1CE6AB43-514D-40A2-BF43-270529FCF2AC}.Debug|x64.Build.0 = Debug|x64
		{1CE6AB43-514D-40A2-BF43-270529FCF2AC}.Debug|x86.ActiveCfg = Debug|Win32
		{1CE6AB43-514D-40A2-BF43-270529FCF2AC}.Debug|x86.Build.0 = Debug|Win32
		{1CE6AB43-514D-40A2-BF43-270529FCF2AC}.Release|x64.ActiveCfg = Release|x64
		{1CE6AB43-514D-40A2-BF43-270529FCF2AC}.Release|x64.Build.0 = Release|x64
		{1CE6AB43-514D-40A2-BF43-270529FCF2AC}.Release|x86.ActiveCfg = Release|Win32
		{1CE6AB43-514D-40A2-BF43-270529FCF2AC}.Release|x86.Build.0 = Release|Win32
		{B454F3C6-D918-44BA-8E7D-CB7346B501DD}.Debug|x64.ActiveCfg = Debug|x64
		{B454F3C6-D918-44BA-8E7D-CB7346B501DD}.Debug|x64.Build.0 = Debug|x64
		{B454F3C6-D918-44BA-8E7D-CB7346B501DD}.Debug|x86.ActiveCfg = Debug|Win32
		{B454F3C6-D918-44BA-8E7D-CB7346B501DD}.Debug|x86.Build.0 = Debug|Win32
		{B454F3C6-D918-44BA-8E7D-CB7346B501DD}.Release|x64.ActiveCfg = Release|x64
		{B454F3C6-D918-44BA-8E7D-CB7346B501DD}.Release|x64.Build.0 = Release|x64
		{B454F3C6-D918-44BA-8E7D-CB7346B501DD}.Release|x86.ActiveCfg = Release|Win32
		{B454F3C6-D918-44BA-8E7D-CB7346B501DD}.Release|x86.Build.0 = Release|Win32
		{7D4735CD-86A7-4516-96F9-1D79778B439A}.Debug|x64.ActiveCfg = Debug|x64
		{7D4735CD-86A7-4516-96F9-1D79778B439A}.Debug|x64.Build.0 = Debug|x64
		{7D4735CD-86A7-4516-96F9-1D79778B439A}.Debug|x86.ActiveCfg = Debug|Win32
		{7D4735CD-86A7-4516-96F9-1D79778B439A}.Debug|x86.Build.0 = Debug|Win32
		{7D4735CD-86A7-4516-96F9-1D79778B439A}.Release|x64.ActiveCfg = Release|x64
		{7D4735CD-86A7-4516-96F9-1D79778B439A}.Release|x64.Build.0 = Release|x64
		{7D4735CD-86A7-4516-96F9-1D79778B439A}.Release|x86.ActiveCfg = Release|Win32
		{7D4735CD-86A7-4516-96F9-1D79778B439A}.Release|x86.Build.0 = Release|Win32
		{7CCCD9A9-E556-4F43-8E83-60B083D17CE7}.Debug|x64.ActiveCfg = Debug|x64
		{7CCCD9A9-E556-4F43-8E83-60B083D17CE7}.Debug|x64.Build.0 = Debug|x64
		{7CCCD9A9-E556-4F43-8E83-60B083D17CE7}.Debug|x86.ActiveCfg = Debug|Win32
		{7CCCD9A9-E556-4F43-8E83-60B083D17CE7}.Debug|x86.Build.0 = Debug|Win32
		{7CCCD9A9-E556-4F43-8E83-60B083D17CE7}.Release|x64.ActiveCfg = Release|x64
		{7CCCD9A9-E556-4F43-8E83-60B083D17CE7}.Release|x64.Build.0 = Release|x64
		{7CCCD9A9-E556-4F43-8E83-60B083D17CE7}.Release|x86.ActiveCfg = Release|Win32
		{7CCCD9A9-E556-4F43-8E83-60B083D17CE7}.Release|x86.Build.0 = Release|Win32
		{68CF3BB5-B4F6-4169-AEE3-C5955486C047}.Debug|x64.ActiveCfg = Debug|x64
		{68CF3BB5-B4F6-4169-AEE3-C5955486C047}.Debug|x64.Build.0 = Debug|x64
		{68CF3BB5-B4F6-4169-AEE3-C5955486C047}.Debug|x86.ActiveCfg = Debug|Win32
		{68CF3BB5-B4F6-4169-AEE3-C5955486C047}.Debug|x86.Build.0 = Debug|Win32
		{68CF3BB5-B4F6-4169-AEE3-C5955486C047}.Release|x64.ActiveCfg = Release|x64
		{68CF3BB5-B4F6-4169-AEE3-C5955486C047}.Release|x64.Build.0 = Release|x64
		{68CF3BB5-B4F6-4169-AEE3-C5955486C047}.Release|x86.ActiveCfg = Release|Win32
		{68CF3BB5-B4F6-4169-AEE3-C5955486C047}.Release|x86.Build.0 = Release|Win32
		{55176897-FEF6-4B76-A8F2-9B57138CCDD7}.Debug|x64.ActiveCfg = Debug|x64
		{55176897-FEF6-4B76-A8F2-9B57138CCDD7}.Debug|x64.Build.0 = Debug|x64
		{55176897-FEF6-4B76-A8F2-9B57138CCDD7}.Debug|x86.ActiveCfg = Debug|Win32
		{55176897-FEF6-4B76-A8F2-9B57138CCDD7}.Debug|x86.Build.0 = Debug|Win32
		{55176897-FEF6-4B76-A8F2-9B57138CCDD7}.Release|x64.ActiveCfg = Release|x64
		{55176897-FEF6-4B76-A8F2-9B57138CCDD7}.Release|x64.Build.0 = Release|x64
		{55176897-FEF6-4B76-A8F2-9B57138CCDD7}.Release|x86.ActiveCfg = Release|Win32
		{55176897-FEF6-4B76-A8F2-9B57138CCDD7}.Release|x86.Build.0 = Release|Win32
		{BAF88559-CD85-466A-8E61-BF3C9991D82C}.Debug|x64.ActiveCfg = Debug|x64
		{BAF88559-CD85-466A-8E61-BF3C9991D82C}.Debug|x64.Build.0 = Debug|x64
		{BAF88559-CD85-466A-8E61-BF3C9991D82C}.Debug|x86.ActiveCfg = Debug|Win32
		{BAF88559-CD85-466A-8E61-BF3C9991D82C}.Debug|x86.Build.0 = Debug|Win32
		{BAF88559-CD85-466A-8E61-BF3C9991D82C}.Release|x64.ActiveCfg = Release|x64
		{BAF88559-CD85-466A-8E61-BF3C9991D82C}.Release|x64.Build.0 = Release|x64
		{BAF88559-CD85-466A-8E61-BF3C9991D82C}.Release|x86.ActiveCfg = Release|Win32
		{BAF88559-CD85-466A-8E61-BF3C9991D82C}.Release|x86.Build.0 = Release|Win32
		{7C7DE74C-778D-41BA-AE99-713D755BE24B}.Debug|x64.ActiveCfg = Debug|x64
		{7C7DE74C-778D-41BA-AE99-713D755BE24B}.Debug|x64.Build.0 = Debug|x64
		{7C7DE74C-778D-41BA-AE99-713D755BE24B}.Debug|x86.ActiveCfg = Debug|Win32
		{7C7DE74C-778D-41BA-AE99-713D755BE24B}.Debug|x86.Build.0 = Debug|Win32
		{7C7DE74C-778D-41BA-AE99-713D755BE24B}.Release|x64.ActiveCfg = Release|x64
		{7C7DE74C-778D-41BA-AE99-713D755BE24B}.Release|x64.Build.0 = Release|x64
		{7C7DE74C-778D-41BA-AE99-713D755BE24B}.Release|x86.ActiveCfg = Release|Win32
		{7C7DE74C-778D-41BA-AE99-713D755BE24B}.Release|x86.Build.0 = Release|Win32
		{B3E2C1D8-049A-4EDB-A728-A71A6C6A2067}.Debug|x64.ActiveCfg = Debug|x64
		{B3E2C1D8-049A-4EDB-A728-A71A6C6A2067}.Debug|x64.Build.0 = Debug|x64
		{B3E2C1D8-049A-4EDB-A728-A71A6C6A2067}.Debug|x86.ActiveCfg = Debug|Win32
		{B3E2C1D8-049A-4EDB-A728-A71A6C6A2067}.Debug|x86.Build.0 = Debug|Win32
		{B3E2C1D8-049A-4EDB-A728-A71A6C6A2067}.Release|x64.ActiveCfg = Release|x64
		{B3E2C1D8-049A-4EDB-A728-A71A6C6A2067}.Release|x64.Build.0 = Release|x64
		{B3E2C1D8-049A-4EDB-A728-A71A6C6A2067}.Release|x86.ActiveCfg = Release|Win32
		{B3E2C1D8-049A-4EDB-A728-A71A6C6A2067}.Release|x86.Build.0 = Release|Win32
		{8DF76C09-C24E-4499-B1FE-310D41873E56}.Debug|x64.ActiveCfg = Debug|x64
		{8DF76C09-C24E-4499-B1FE-310D41873E56}.Debug|x64.Build.0 = Debug|x64
		{8DF76C09-C24E-4499-B1FE-310D41873E56}.Debug|x86.ActiveCfg = Debug|Win32
		{8DF76C09-C24E-4499-B1FE-310D41873E56}.Debug|x86.Build.0 = Debug|Win32
		{8DF76C09-C24E-4499-B1FE-310D41873E56}.Release|x64.ActiveCfg = Release|x64
		{8DF76C09-C24E-4499-B1FE-310D41873E56}.Release|x64.Build.0 = Release|x64
		{8DF76C09-C24E-4499-B1FE-310D41873E56}.Release|x86.ActiveCfg = Release|Win32
		{8DF76C09-C24E-4499-B1FE-310D41873E56}.Release|x86.Build.0 = Release|Win32
		{0962A0B5-61D5-4DA0-8CFF-A1042DF0AE2C}.Debug|x64.ActiveCfg = Debug|x64
		{0962A0B5-61D5-4DA0-8CFF-A1042DF0AE2C}.Debug|x64.Build.0 = Debug|x64
		{0962A0B5-61D5-4DA0-8CFF-A1042DF0AE2C}.Debug|x86.ActiveCfg = Debug|Win32
		{0962A0B5-61D5-4DA0-8CFF-A1042DF0AE2C}.Debug|x86.Build.0 = Debug|Win32
		{0962A0B5-61D5-4DA0-8CFF-A1042DF0AE2C}.Release|x64.ActiveCfg = Release|x64
		{0962A0B5-61D5-4DA0-8CFF-A1042DF0AE2C}.Release|x64.Build.0 = Release|x64
		{0962A0B5-61D5-4DA0-8CFF-A1042DF0AE2C}.Release|x86.ActiveCfg = Release|Win32
		{0962A0B5-61D5-4DA0-8CFF-A1042DF0AE2C}.Release|x86.Build.0 = Release|Win32
		{C0A8B13B-F94C-4B4F-866E-5652062FD0A1}.Debug|x64.ActiveCfg = Debug|x64
		{C0A8B13B-F94C-4B4F-866E-5652062FD0A1}.Debug|x64.Build.0 = Debug|x64
		{C0A8B13B-F94C-4B4F-866E-5652062FD0A1}.Debug|x86.ActiveCfg = Debug|Win32
		{C0A8B13B-F94C-4B4F-866E-5652062FD0A1}.Debug|x86.Build.0 = Debug|Win32
		{C0A8B13B-F94C-4B4F-866E-5652062FD0A1}.Release|x64.ActiveCfg = Release|x64
		{C0A8B13B-F94C-4B4F-866E-5652062FD0A1}.Release|x64.Build.0 = Release|x64
		{C0A8B13B-F94C-4B4F-866E-5652062FD0A1}.Release|x86.ActiveCfg = Release|Win32
		{C0A8B13B-F94C-4B4F-866E-5652062FD0A1}.Release|x86.Build.0 = Release|Win32
		{765DF1B7-5AC1-4743-B0E9-6153DEA0FFF0}.Debug|x64.ActiveCfg = Debug|x64
		{765DF1B7-5AC1-4743-B0E9-6153DEA0FFF0}.Debug|x64.Build.0 = Debug|x64
		{765DF1B7-5AC1-4743-B0E9-6153DEA0FFF0}.Debug|x86.ActiveCfg = Debug|Win32
		{765DF1B7-5AC1-4743-B0E9-6153DEA0FFF0}.Debug|x86.Build.0 = Debug|Win32
		{765DF1B7-5AC1-4743-B0E9-6153DEA0FFF0}.Release|x64.ActiveCfg = Release|x64
		{765DF1B7-5AC1-4743-B0E9-6153DEA0FFF0}.Release|x64.Build.0 = Release|x64
		{765DF1B7-5AC1-4743-B0E9-6153DEA0FFF0}.Release|x86.ActiveCfg = Release|Win32
		{765DF1B7-5AC1-4743-B0E9-6153DEA0FFF0}.Release|x86.Build.0 = Release|Win32
		{C183CD74-0BBE-4942-A4EC-485DA16023F4}.Debug|x64.ActiveCfg = Debug|x64
		{C183CD74-0BBE-4942-A4EC-485DA16023F4}.Debug|x64.Build.0 = Debug|x64
		{C183CD74-0BBE-4942-A4EC-485DA16023F4}.Debug|x86.ActiveCfg = Debug|Win32
		{C183CD74-0BBE-4942-A4EC-485DA16023F4}.Debug|x86.Build.0 = Debug|Win32
		{C183CD74-0BBE-4942-A4EC-485DA16023F4}.Release|x64.ActiveCfg = Release|x64
		{C183CD74-0BBE-4942-A4EC-485DA16023F4}.Release|x64.Build.0 = Release|x64
		{C183CD74-0BBE-4942-A4EC-485DA16023F4}.Release|x86.ActiveCfg = Release|Win32
		{C183CD74-0BBE-4942-A4EC-485DA16023F4}.Release|x86.Build.0 = Release|Win32
		{A7D4C1C3-FE94-42DC-A50D-803700EF9AC5}.Debug|x64.ActiveCfg = Debug|x64
		{A7D4C1C3-FE94-42DC-A50D-803700EF9AC5}.Debug|x64.Build.0 = Debug|x64
		{A7D4C1C3-FE94-42DC-A50D-803700EF9AC5}.Debug|x86.ActiveCfg = Debug|Win32
		{A7D4C1C3-FE94-42DC-A50D-803700EF9AC5}.Debug|x86.Build.0 = Debug|Win32
		{A7D4C1C3-FE94-42DC-A50D-803700EF9AC5}.Release|x64.ActiveCfg = Release|x64
		{A7D4C1C3-FE94-42DC-A50D-803700EF9AC5}.Release|x64.Build.0 = Release|x64
		{A7D4C1C3-FE94-42DC-A50D-803700EF9AC5}.Release|x86.ActiveCfg = Release|Win32
		{A7D4C1C3-FE94-42DC-A50D-803700EF9AC5}.Release|x86.Build.0 = Release|Win32
		{07C7906C-F867-4094-8DE5-1457382B4F29}.Debug|x64.ActiveCfg = Debug|x64
		{07C7906C-F867-4094-8DE5-1457382B4F29}.Debug|x64.Build.0 = Debug|x64
		{07C7906C-F867-4094-8DE5-1457382B4F29}.Debug|x86.ActiveCfg = Debug|Win32
		{07C7906C-F867-4094-8DE5-1457382B4F29}.Debug|x86.Build.0 = Debug|Win32
		{07C7906C-F867-4094-8DE5-1457382B4F29}.Release|x64.ActiveCfg = Release|x64
		{07C7906C-F867-4094-8DE5-1457382B4F29}.Release|x64.Build.0 = Release|x64
		{07C7906C-F867-4094-8DE5-1457382B4F29}.Release|x86.ActiveCfg = Release|Win32
		{07C7906C-F867-4094-8DE5-1457382B4F29}.Release|x86.Build.0 = Release|Win32
		{2518D6E7-E68C-4299-B60B-FAD23812E03E}.Debug|x64.ActiveCfg = Debug|x64
		{2518D6E7-E68C-4299-B60B-FAD23812E03E}.Debug|x64.Build.0 = Debug|x64
		{2518D6E7-E68C-4299-B60B-FAD23812E03E}.Debug|x86.ActiveCfg = Debug|Win32
		{2518D6E7-E68C-4299-B60B-FAD23812E03E}.Debug|x86.Build.0 = Debug|Win32
		{2518D6E7-E68C-4299-B60B-FAD23812E03E}.Release|x64.ActiveCfg = Release|x64
		{2518D6E7-E68C-4299-B60B-FAD23812E03E}.Release|x64.Build.0 = Release|x64
		{2518D6E7-E68C-4299-B60B-FAD23812E03E}.Release|x86.ActiveCfg = Release|Win32
		{2518D6E7-E68C-4299-B60B-FAD23812E03E}.Release|x86.Build.0 = Release|Win32
		{840DCF5D-DBFA-45A8-9FFE-307B1759FEC0}.Debug|x64.ActiveCfg = Debug|x64
		{840DCF5D-DBFA-45A8-9FFE-307B1759FEC0}.Debug|x64.Build.0 = Debug|x64
		{840DCF5D-DBFA-45A8-9FFE-307B1759FEC0}.Debug|x86.ActiveCfg = Debug|Win32
		{840DCF5D-DBFA-45A8-9FFE-307B1759FEC0}.Debug|x86.Build.0 = Debug|Win32
		{840DCF5D-DBFA-45A8-9FFE-307B1759FEC0}.Release|x64.ActiveCfg = Release|x64
		{840DCF5D-DBFA-45A8-9FFE-307B1759FEC0}.Release|x64.Build.0 = Release|x64
		{840DCF5D-DBFA-45A8-9FFE-307B1759FEC0}.Release|x86.ActiveCfg = Release|Win32
		{840DCF5D-DBFA-45A8-9FFE-307B1759FEC0}.Release|x86.Build.0 = Release|Win32
		{9934CD64-A6C2-4083-833C-44A120A5700F}.Debug|x64.ActiveCfg = Debug|x64
		{9934CD64-A6C2-4083-833C-44A120A5700F}.Debug|x64.Build.0 = Debug|x64
		{9934CD64-A6C2-4083-833C-44A120A5700F}.Debug|x86.ActiveCfg = Debug|Win32
		{9934CD64-A6C2-4083-833C-44A120A5700F}.Debug|x86.Build.0 = Debug|Win32
		{9934CD64-A6C2-4083-833C-44A120A5700F}.Release|x64.ActiveCfg = Release|x64
		{9934CD64-A6C2-4083-833C-44A120A5700F}.Release|x64.Build.0 = Release|x64
		{9934CD64-A6C2-4083-833C-44A120A5700F}.Release|x86.ActiveCfg = Release|Win32
		{9934CD64-A6C2-4083-833C-44A120A5700F}.Release|x86.Build.0 = Release|Win32
		{7A523AA8-2CE9-446B-882E-CD5BAD876107}.Debug|x64.ActiveCfg = Debug|x64
		{7A523AA8-2CE9-446B-882E-CD5BAD876107}.Debug|x64.Build.0 = Debug|x64
		{7A523AA8-2CE9-446B-882E-CD5BAD876107}.Debug|x86.ActiveCfg = Debug|Win32
		{7A523AA8-2CE9-446B-882E-CD5BAD876107}.Debug|x86.Build.0 = Debug|Win32
		{7A523AA8-2CE9-446B-882E-CD5BAD876107}.Release|x64.ActiveCfg = Release|x64
		{7A523AA8-2CE9-446B-882E-CD5BAD876107}.Release|x64.Build.0 = Release|x64
		{7A523AA8-2CE9-446B-882E-CD5BAD876107}.Release|x86.ActiveCfg = Release|Win32
		{7A523AA8-2CE9-446B-882E-CD5BAD876107}.Release|x86.Build.0 = Release|Win32
		{433C6796-8BAF-4DA6-8E95-25BDB85EB09C}.Debug|x64.ActiveCfg = Debug|x64
		{433C6796-8BAF-4DA6-8E95-25BDB85EB09C}.Debug|x64.Build.0 = Debug|x64
		{433C6796-8BAF-4DA6-8E95-25BDB85EB09C}.Debug|x86.ActiveCfg = Debug|Win32
		{433C6796-8BAF-4DA6-8E95-25BDB85EB09C}.Debug|x86.Build.0 = Debug|Win32
		{433C6796-8BAF-4DA6-8E95-25BDB85EB09C}.Release|x64.ActiveCfg = Release|x64
		{433C6796-8BAF-4DA6-8E95-25BDB85EB09C}.Release|x64.Build.0 = Release|x64
		{433C6796-8BAF-4DA6-8E95-25BDB85EB09C}.Release|x86.ActiveCfg = Release|Win32
		{433C6796-8BAF-4DA6-8E95-25BDB85EB09C}.Release|x86.Build.0 = Release|Win32
		{050CEE0B-AAEA-4737-8EBD-671AA02875F0}.Debug|x64.ActiveCfg = Debug|x64
		{050CEE0B-AAEA-4737-8EBD-671AA02875F0}.Debug|x64.Build.0 = Debug|x64
		{050CEE0B-AAEA-4737-8EBD-671AA02875F0}.Debug|x86.ActiveCfg = Debug|Win32
		{050CEE0B-AAEA-4737-8EBD-671AA02875F0}.Debug|x86.Build.0 = Debug|Win32
		{050CEE0B-AAEA-4737-8EBD-671AA02875F0}.Release|x64.ActiveCfg = Release|x64
		{050CEE0B-AAEA-4737-8EBD-671AA02875F0}.Release|x64.Build.0 = Release|x64
		{050CEE0B-AAEA-4737-8EBD-671AA02875F0}.Release|x86.ActiveCfg = Release|Win32
		{050CEE0B-AAEA-4737-8EBD-671AA02875F0}.Release|x86.Build.0 = Release|Win32
		{19B7DBAB-AA92-4E6F-9D3D-20271EEA9074}.Debug|x64.ActiveCfg = Debug|x64
		{19B7DBAB-AA92-4E6F-9D3D-20271EEA9074}.Debug|x64.Build.0 = Debug|x64
		{19B7DBAB-AA92-4E6F-9D3D-20271EEA9074}.Debug|x86.ActiveCfg = Debug|Win32
		{19B7DBAB-AA92-4E6F-9D3D-20271EEA9074}.Debug|x86.Build.0 = Debug|Win32
		{19B7DBAB-AA92-4E6F-9D3D-20271EEA9074}.Release|x64.ActiveCfg = Release|x64
		{19B7DBAB-AA92-4E6F-9D3D-20271EEA9074}.Release|x64.Build.0 = Release|x64
		{19B7DBAB-AA92-4E6F-9D3D-20271EEA9074}.Release|x86.ActiveCfg = Release|Win32
		{19B7DBAB-AA92-4E6F-9D3D-20271EEA9074}.Release|x86.Build.0 = Release|Win32
		{FE70E06D-925D-4B9B-84B7-6F98D8713CC8}.Debug|x64.ActiveCfg = Debug|x64
		{FE70E06D-925D-4B9B-84B7-6F98D8713CC8}.Debug|x64.Build.0 = Debug|x64
		{FE70E06D-925D-4B9B-84B7-6F98D8713CC8}.Debug|x86.ActiveCfg = Debug|Win32
		{FE70E06D-925D-4B9B-84B7-6F98D8713CC8}.Debug|x86.Build.0 = Debug|Win32
		{FE70E06D-925D-4B9B-84B7-6F98D8713CC8}.Release|x64.ActiveCfg = Release|x64
		{FE70E06D-925D-4B9B-84B7-6F98D8713CC8}.Release|x64.Build.0 = Release|x64
		{FE70E06D-925D-4B9B-84B7-6F98D8713CC8}.Release|x86.ActiveCfg = Release|Win32
		{FE70E06D-925D-4B9B-84B7-6F98D8713CC8}.Release|x86.Build.0 = Release|Win32
		{F7B93701-CDDC-4B81-8064-E5F49CE7D6D4}.Debug|x64.ActiveCfg = Debug|x64
		{F7B93701-CDDC-4B81-8064-E5F49CE7D6D4}.Debug|x64.Build.0 = Debug|x64
		{F7B93701-CDDC-4B81-8064-E5F49CE7D6D4}.Debug|x86.ActiveCfg = Debug|Win32
		{F7B93701-CDDC-4B81-8064-E5F49CE7D6D4}.Debug|x86.Build.0 = Debug|Win32
		{F7B93701-CDDC-4B81-8064-E5F49CE7D6D4}.Release|x64.ActiveCfg = Release|x64
		{F7B93701-CDDC-4B81-8064-E5F49CE7D6D4}.Release|x64.Build.0 = Release|x64
		{F7B93701-CDDC-4B81-8064-E5F49CE7D6D4}.Release|x86.ActiveCfg = Release|Win32
		{F7B93701-CDDC-4B81-8064-E5F49CE7D6D4}.Release|x86.Build.0 = Release|Win32
	EndGlobalSection
	GlobalSection(SolutionProperties) = preSolution
		HideSolutionNode = FALSE
	EndGlobalSection
EndGlobal
